
Microsoft Visual Studio Solution File, Format Version 12.00
# Visual Studio Version 17
VisualStudioVersion = 17.9.34701.34
MinimumVisualStudioVersion = 10.0.40219.1
Project("{FAE04EC0-301F-11D3-BF4B-00C04F79EFBC}") = "Battleships.Game", "Battleships.Game\Battleships.Game.csproj", "{0DB2767E-84F4-4988-B558-6F9D94C4B0DB}"
EndProject
Project("{FAE04EC0-301F-11D3-BF4B-00C04F79EFBC}") = "Battleships.Game.Tests", "Battleships.Game.Tests\Battleships.Game.Tests.csproj", "{5C525277-D84E-4071-983A-3BDCAED32739}"
EndProject
Global
	GlobalSection(SolutionConfigurationPlatforms) = preSolution
		Debug|Any CPU = Debug|Any CPU
		Release|Any CPU = Release|Any CPU
	EndGlobalSection
	GlobalSection(ProjectConfigurationPlatforms) = postSolution
		{0DB2767E-84F4-4988-B558-6F9D94C4B0DB}.Debug|Any CPU.ActiveCfg = Debug|Any CPU
		{0DB2767E-84F4-4988-B558-6F9D94C4B0DB}.Debug|Any CPU.Build.0 = Debug|Any CPU
		{0DB2767E-84F4-4988-B558-6F9D94C4B0DB}.Release|Any CPU.ActiveCfg = Release|Any CPU
		{0DB2767E-84F4-4988-B558-6F9D94C4B0DB}.Release|Any CPU.Build.0 = Release|Any CPU
		{5C525277-D84E-4071-983A-3BDCAED32739}.Debug|Any CPU.ActiveCfg = Debug|Any CPU
		{5C525277-D84E-4071-983A-3BDCAED32739}.Debug|Any CPU.Build.0 = Debug|Any CPU
		{5C525277-D84E-4071-983A-3BDCAED32739}.Release|Any CPU.ActiveCfg = Release|Any CPU
		{5C525277-D84E-4071-983A-3BDCAED32739}.Release|Any CPU.Build.0 = Release|Any CPU
	EndGlobalSection
	GlobalSection(SolutionProperties) = preSolution
		HideSolutionNode = FALSE
	EndGlobalSection
	GlobalSection(ExtensibilityGlobals) = postSolution
		SolutionGuid = {6771ED4F-40B7-4C10-BAB2-3B7CAB09D764}
	EndGlobalSection
EndGlobal
